
Microsoft Visual Studio Solution File, Format Version 12.00
# Visual Studio Version 17
VisualStudioVersion = 17.5.002.0
MinimumVisualStudioVersion = 10.0.40219.1
Project("{9A19103F-16F7-4668-BE54-9A1E7A4F7556}") = "Portfolio.App", "Portfolio.App\Portfolio.App.csproj", "{C2E5D84F-1064-4A4E-A61C-52381F19BF6A}"
EndProject
Global
	GlobalSection(SolutionConfigurationPlatforms) = preSolution
		Debug|Any CPU = Debug|Any CPU
		Release|Any CPU = Release|Any CPU
	EndGlobalSection
	GlobalSection(ProjectConfigurationPlatforms) = postSolution
		{C2E5D84F-1064-4A4E-A61C-52381F19BF6A}.Debug|Any CPU.ActiveCfg = Debug|Any CPU
		{C2E5D84F-1064-4A4E-A61C-52381F19BF6A}.Debug|Any CPU.Build.0 = Debug|Any CPU
		{C2E5D84F-1064-4A4E-A61C-52381F19BF6A}.Release|Any CPU.ActiveCfg = Release|Any CPU
		{C2E5D84F-1064-4A4E-A61C-52381F19BF6A}.Release|Any CPU.Build.0 = Release|Any CPU
	EndGlobalSection
	GlobalSection(SolutionProperties) = preSolution
		HideSolutionNode = FALSE
	EndGlobalSection
	GlobalSection(ExtensibilityGlobals) = postSolution
		SolutionGuid = {FF6ED220-519A-4187-A15A-8DC8712A4C75}
	EndGlobalSection
EndGlobal
